
Microsoft Visual Studio Solution File, Format Version 12.00
# Visual Studio 15
VisualStudioVersion = 15.0.27004.2009
MinimumVisualStudioVersion = 10.0.40219.1
Project("{FAE04EC0-301F-11D3-BF4B-00C04F79EFBC}") = "WeTravel", "WeTravel\WeTravel.csproj", "{29A709CA-C5B4-4C28-B2E2-9B826E4D917A}"
EndProject
Project("{FAE04EC0-301F-11D3-BF4B-00C04F79EFBC}") = "DB", "DB\DB.csproj", "{B8FC5584-DD38-467E-A093-72409D3CBEC5}"
EndProject
Project("{FAE04EC0-301F-11D3-BF4B-00C04F79EFBC}") = "Kriptiranje", "Prijava\Kriptiranje.csproj", "{AE298F9F-B91D-4655-BDF6-A50D96B135BF}"
EndProject
Global
	GlobalSection(SolutionConfigurationPlatforms) = preSolution
		Debug|Any CPU = Debug|Any CPU
		Release|Any CPU = Release|Any CPU
	EndGlobalSection
	GlobalSection(ProjectConfigurationPlatforms) = postSolution
		{29A709CA-C5B4-4C28-B2E2-9B826E4D917A}.Debug|Any CPU.ActiveCfg = Debug|Any CPU
		{29A709CA-C5B4-4C28-B2E2-9B826E4D917A}.Debug|Any CPU.Build.0 = Debug|Any CPU
		{29A709CA-C5B4-4C28-B2E2-9B826E4D917A}.Release|Any CPU.ActiveCfg = Release|Any CPU
		{29A709CA-C5B4-4C28-B2E2-9B826E4D917A}.Release|Any CPU.Build.0 = Release|Any CPU
		{B8FC5584-DD38-467E-A093-72409D3CBEC5}.Debug|Any CPU.ActiveCfg = Debug|Any CPU
		{B8FC5584-DD38-467E-A093-72409D3CBEC5}.Debug|Any CPU.Build.0 = Debug|Any CPU
		{B8FC5584-DD38-467E-A093-72409D3CBEC5}.Release|Any CPU.ActiveCfg = Release|Any CPU
		{B8FC5584-DD38-467E-A093-72409D3CBEC5}.Release|Any CPU.Build.0 = Release|Any CPU
		{AE298F9F-B91D-4655-BDF6-A50D96B135BF}.Debug|Any CPU.ActiveCfg = Debug|Any CPU
		{AE298F9F-B91D-4655-BDF6-A50D96B135BF}.Debug|Any CPU.Build.0 = Debug|Any CPU
		{AE298F9F-B91D-4655-BDF6-A50D96B135BF}.Release|Any CPU.ActiveCfg = Release|Any CPU
		{AE298F9F-B91D-4655-BDF6-A50D96B135BF}.Release|Any CPU.Build.0 = Release|Any CPU
	EndGlobalSection
	GlobalSection(SolutionProperties) = preSolution
		HideSolutionNode = FALSE
	EndGlobalSection
	GlobalSection(ExtensibilityGlobals) = postSolution
		SolutionGuid = {398B5332-0685-42D8-9558-C50CEB233312}
	EndGlobalSection
EndGlobal
